
Microsoft Visual Studio Solution File, Format Version 12.00
# Visual Studio Version 16
VisualStudioVersion = 16.0.29215.179
MinimumVisualStudioVersion = 10.0.40219.1
Project("{FAE04EC0-301F-11D3-BF4B-00C04F79EFBC}") = "Determinant", "Determinant.csproj", "{730B999A-1731-4EA1-A9E8-4C61F0001F4A}"
EndProject
Global
	GlobalSection(SolutionConfigurationPlatforms) = preSolution
		Debug|Any CPU = Debug|Any CPU
		Release|Any CPU = Release|Any CPU
	EndGlobalSection
	GlobalSection(ProjectConfigurationPlatforms) = postSolution
		{730B999A-1731-4EA1-A9E8-4C61F0001F4A}.Debug|Any CPU.ActiveCfg = Debug|Any CPU
		{730B999A-1731-4EA1-A9E8-4C61F0001F4A}.Debug|Any CPU.Build.0 = Debug|Any CPU
		{730B999A-1731-4EA1-A9E8-4C61F0001F4A}.Release|Any CPU.ActiveCfg = Release|Any CPU
		{730B999A-1731-4EA1-A9E8-4C61F0001F4A}.Release|Any CPU.Build.0 = Release|Any CPU
	EndGlobalSection
	GlobalSection(SolutionProperties) = preSolution
		HideSolutionNode = FALSE
	EndGlobalSection
	GlobalSection(ExtensibilityGlobals) = postSolution
		SolutionGuid = {6CE911A5-F466-4AE0-8970-755D1A90BB80}
	EndGlobalSection
EndGlobal
